
Microsoft Visual Studio Solution File, Format Version 12.00
# Visual Studio 2012
Project("{FAE04EC0-301F-11D3-BF4B-00C04F79EFBC}") = "areaCircunferencia", "areaCircunferencia\areaCircunferencia.csproj", "{4C22F752-F9BB-4B84-8FAB-EF88B2AEF76C}"
EndProject
Global
	GlobalSection(SolutionConfigurationPlatforms) = preSolution
		Debug|Any CPU = Debug|Any CPU
		Release|Any CPU = Release|Any CPU
	EndGlobalSection
	GlobalSection(ProjectConfigurationPlatforms) = postSolution
		{4C22F752-F9BB-4B84-8FAB-EF88B2AEF76C}.Debug|Any CPU.ActiveCfg = Debug|Any CPU
		{4C22F752-F9BB-4B84-8FAB-EF88B2AEF76C}.Debug|Any CPU.Build.0 = Debug|Any CPU
		{4C22F752-F9BB-4B84-8FAB-EF88B2AEF76C}.Release|Any CPU.ActiveCfg = Release|Any CPU
		{4C22F752-F9BB-4B84-8FAB-EF88B2AEF76C}.Release|Any CPU.Build.0 = Release|Any CPU
	EndGlobalSection
	GlobalSection(SolutionProperties) = preSolution
		HideSolutionNode = FALSE
	EndGlobalSection
EndGlobal
